lockfileVersion: '9.0'

settings:
  autoInstallPeers: true
  excludeLinksFromLockfile: false

importers:

  .:
    dependencies:
      '@mysten/sui':
        specifier: ^1.2.1
        version: 1.2.1(svelte@4.2.18)(typescript@5.5.3)
      '@noble/curves':
        specifier: ^1.3.0
        version: 1.4.2
      '@noble/hashes':
        specifier: ^1.3.3
        version: 1.4.0
      dotenv:
        specifier: ^16.0.3
        version: 16.4.5
      futoin-hkdf:
        specifier: ^1.5.1
        version: 1.5.3
      typescript:
        specifier: ^5.0.4
        version: 5.5.3
    devDependencies:
      env-cmd:
        specifier: ^10.1.0
        version: 10.1.0
      ts-node:
        specifier: ^10.9.1
        version: 10.9.2(@types/node@20.14.10)(typescript@5.5.3)

packages:

  '@0no-co/graphql.web@1.0.7':
    resolution: {integrity: sha512-E3Qku4mTzdrlwVWGPxklDnME5ANrEGetvYw4i2GCRlppWXXE4QD66j7pwb8HelZwS6LnqEChhrSOGCXpbiu6MQ==}
    peerDependencies:
      graphql: ^14.0.0 || ^15.0.0 || ^16.0.0
    peerDependenciesMeta:
      graphql:
        optional: true

  '@0no-co/graphqlsp@1.12.11':
    resolution: {integrity: sha512-vLja9r7L6BBXwxW86Wyi5z5hjTHscH7qoQooy+MXHkM9srBB6ZuesYZq5DQ/+SErQrFyaxeY+hwv2qBAksxriw==}
    peerDependencies:
      graphql: ^15.5.0 || ^16.0.0 || ^17.0.0
      typescript: ^5.0.0

  '@ampproject/remapping@2.3.0':
    resolution: {integrity: sha512-30iZtAPgz+LTIYoeivqYo853f02jBYSd5uGnGpkFV0M3xOt9aN73erkgYAmZU43x4VfqcnLxW9Kpg3R5LC4YYw==}
    engines: {node: '>=6.0.0'}

  '@babel/helper-string-parser@7.24.8':
    resolution: {integrity: sha512-pO9KhhRcuUyGnJWwyEgnRJTSIZHiT+vMD0kPeD+so0l7mxkMT19g3pjY9GTnHySck/hDzq+dtW/4VgnMkippsQ==}
    engines: {node: '>=6.9.0'}

  '@babel/helper-validator-identifier@7.24.7':
    resolution: {integrity: sha512-rR+PBcQ1SMQDDyF6X0wxtG8QyLCgUB0eRAGguqRLfkCA87l7yAP7ehq8SNj96OOGTO8OBV70KhuFYcIkHXOg0w==}
    engines: {node: '>=6.9.0'}

  '@babel/parser@7.24.8':
    resolution: {integrity: sha512-WzfbgXOkGzZiXXCqk43kKwZjzwx4oulxZi3nq2TYL9mOjQv6kYwul9mz6ID36njuL7Xkp6nJEfok848Zj10j/w==}
    engines: {node: '>=6.0.0'}
    hasBin: true

  '@babel/types@7.24.9':
    resolution: {integrity: sha512-xm8XrMKz0IlUdocVbYJe0Z9xEgidU7msskG8BbhnTPK/HZ2z/7FP7ykqPgrUH+C+r414mNfNWam1f2vqOjqjYQ==}
    engines: {node: '>=6.9.0'}

  '@cspotcode/source-map-support@0.8.1':
    resolution: {integrity: sha512-IchNf6dN4tHoMFIn/7OE8LWZ19Y6q/67Bmf6vnGREv8RSbBVb9LPJxEcnwrcwX6ixSvaiGoomAUvu4YSxXrVgw==}
    engines: {node: '>=12'}

  '@gql.tada/cli-utils@1.5.1':
    resolution: {integrity: sha512-JVLpoXLa4msrE7MHnmW/7fYnIl8dncLom8T/Ghsxu+Kz5iMGnzK2joJN5cZt4ewCAqfCV3HZZ0VH189OalGd9g==}
    peerDependencies:
      '@0no-co/graphqlsp': ^1.12.9
      graphql: ^15.5.0 || ^16.0.0 || ^17.0.0
      typescript: ^5.0.0

  '@gql.tada/internal@1.0.4':
    resolution: {integrity: sha512-tq0rgoqjhdVqKWEsbrkiX7Qpp5gA4/Br9r9TVBeh3WpJIcuGh5U48UjB4IOxtXBePZdX8E0oc07GjOid/P60Wg==}
    peerDependencies:
      graphql: ^15.5.0 || ^16.0.0 || ^17.0.0
      typescript: ^5.0.0

  '@graphql-typed-document-node/core@3.2.0':
    resolution: {integrity: sha512-mB9oAsNCm9aM3/SOv4YtBMqZbYj10R7dkq8byBqxGY/ncFwhf2oQzMV+LCRlWoDSEBJ3COiR1yeDvMtsoOsuFQ==}
    peerDependencies:
      graphql: ^0.8.0 || ^0.9.0 || ^0.10.0 || ^0.11.0 || ^0.12.0 || ^0.13.0 || ^14.0.0 || ^15.0.0 || ^16.0.0 || ^17.0.0

  '@jridgewell/gen-mapping@0.3.5':
    resolution: {integrity: sha512-IzL8ZoEDIBRWEzlCcRhOaCupYyN5gdIK+Q6fbFdPDg6HqX6jpkItn7DFIpW9LQzXG6Df9sA7+OKnq0qlz/GaQg==}
    engines: {node: '>=6.0.0'}

  '@jridgewell/resolve-uri@3.1.2':
    resolution: {integrity: sha512-bRISgCIjP20/tbWSPWMEi54QVPRZExkuD9lJL+UIxUKtwVJA8wW1Trb1jMs1RFXo1CBTNZ/5hpC9QvmKWdopKw==}
    engines: {node: '>=6.0.0'}

  '@jridgewell/set-array@1.2.1':
    resolution: {integrity: sha512-R8gLRTZeyp03ymzP/6Lil/28tGeGEzhx1q2k703KGWRAI1VdvPIXdG70VJc2pAMw3NA6JKL5hhFu1sJX0Mnn/A==}
    engines: {node: '>=6.0.0'}

  '@jridgewell/sourcemap-codec@1.5.0':
    resolution: {integrity: sha512-gv3ZRaISU3fjPAgNsriBRqGWQL6quFx04YMPW/zD8XMLsU32mhCCbfbO6KZFLjvYpCZ8zyDEgqsgf+PwPaM7GQ==}

  '@jridgewell/trace-mapping@0.3.25':
    resolution: {integrity: sha512-vNk6aEwybGtawWmy/PzwnGDOjCkLWSD2wqvjGGAgOAwCGWySYXfYoxt00IJkTF+8Lb57DwOb3Aa0o9CApepiYQ==}

  '@jridgewell/trace-mapping@0.3.9':
    resolution: {integrity: sha512-3Belt6tdc8bPgAtbcmdtNJlirVoTmEb5e2gC94PnkwEW9jI6CAHUeoG85tjWP5WquqfavoMtMwiG4P926ZKKuQ==}

  '@mysten/bcs@1.0.2':
    resolution: {integrity: sha512-haHT0km/9yIIe8lwo8gDFxGLnoxfRF4WmEVCz4lDXbEVQRsZkF0zB97kukiwMjDuFBaGVUhrOMCLz6td8tSMaQ==}

  '@mysten/sui@1.2.1':
    resolution: {integrity: sha512-1vPJOxuQhYGiDPFXs1diLFHZ8HaYSvhWipg1BSk/VkwTN2Kxa1cJTA2iN6AiuBwC6KEbtEXfHD9CeCnPRhJchg==}
    engines: {node: '>=18'}

  '@noble/curves@1.4.2':
    resolution: {integrity: sha512-TavHr8qycMChk8UwMld0ZDRvatedkzWfH8IiaeGCfymOP5i0hSCozz9vHOL0nkwk7HRMlFnAiKpS2jrUmSybcw==}

  '@noble/hashes@1.4.0':
    resolution: {integrity: sha512-V1JJ1WTRUqHHrOSh597hURcMqVKVGL/ea3kv0gSnEdsEZ0/+VyPghM1lMNGc00z7CIQorSvbKpuJkxvuHbvdbg==}
    engines: {node: '>= 16'}

  '@scure/base@1.1.7':
    resolution: {integrity: sha512-PPNYBslrLNNUQ/Yad37MHYsNQtK67EhWb6WtSvNLLPo7SdVZgkUjD6Dg+5On7zNwmskf8OX7I7Nx5oN+MIWE0g==}

  '@scure/bip32@1.4.0':
    resolution: {integrity: sha512-sVUpc0Vq3tXCkDGYVWGIZTRfnvu8LoTDaev7vbwh0omSvVORONr960MQWdKqJDCReIEmTj3PAr73O3aoxz7OPg==}

  '@scure/bip39@1.3.0':
    resolution: {integrity: sha512-disdg7gHuTDZtY+ZdkmLpPCk7fxZSu3gBiEGuoC1XYxv9cGx3Z6cpTggCgW6odSOOIXCiDjuGejW+aJKCY/pIQ==}

  '@suchipi/femver@1.0.0':
    resolution: {integrity: sha512-bprE8+K5V+DPX7q2e2K57ImqNBdfGHDIWaGI5xHxZoxbKOuQZn4wzPiUxOAHnsUr3w3xHrWXwN7gnG/iIuEMIg==}

  '@tsconfig/node10@1.0.11':
    resolution: {integrity: sha512-DcRjDCujK/kCk/cUe8Xz8ZSpm8mS3mNNpta+jGCA6USEDfktlNvm1+IuZ9eTcDbNk41BHwpHHeW+N1lKCz4zOw==}

  '@tsconfig/node12@1.0.11':
    resolution: {integrity: sha512-cqefuRsh12pWyGsIoBKJA9luFu3mRxCA+ORZvA4ktLSzIuCUtWVxGIuXigEwO5/ywWFMZ2QEGKWvkZG1zDMTag==}

  '@tsconfig/node14@1.0.3':
    resolution: {integrity: sha512-ysT8mhdixWK6Hw3i1V2AeRqZ5WfXg1G43mqoYlM2nc6388Fq5jcXyr5mRsqViLx/GJYdoL0bfXD8nmF+Zn/Iow==}

  '@tsconfig/node16@1.0.4':
    resolution: {integrity: sha512-vxhUy4J8lyeyinH7Azl1pdd43GJhZH/tP2weN8TntQblOY+A0XbT8DJk1/oCPuOOyg/Ja757rG0CgHcWC8OfMA==}

  '@types/estree@1.0.5':
    resolution: {integrity: sha512-/kYRxGDLWzHOB7q+wtSUQlFrtcdUccpfy+X+9iMBpHK8QLLhx2wIPYuS5DYtR9Wa/YlZAbIovy7qVdB1Aq6Lyw==}

  '@types/node@20.14.10':
    resolution: {integrity: sha512-MdiXf+nDuMvY0gJKxyfZ7/6UFsETO7mGKF54MVD/ekJS6HdFtpZFBgrh6Pseu64XTb2MLyFPlbW6hj8HYRQNOQ==}

  '@volar/language-core@2.4.0-alpha.15':
    resolution: {integrity: sha512-mt8z4Fm2WxfQYoQHPcKVjLQV6PgPqyKLbkCVY2cr5RSaamqCHjhKEpsFX66aL4D/7oYguuaUw9Bx03Vt0TpIIA==}

  '@volar/source-map@2.4.0-alpha.15':
    resolution: {integrity: sha512-8Htngw5TmBY4L3ClDqBGyfLhsB8EmoEXUH1xydyEtEoK0O6NX5ur4Jw8jgvscTlwzizyl/wsN1vn0cQXVbbXYg==}

  '@vue/compiler-core@3.4.31':
    resolution: {integrity: sha512-skOiodXWTV3DxfDhB4rOf3OGalpITLlgCeOwb+Y9GJpfQ8ErigdBUHomBzvG78JoVE8MJoQsb+qhZiHfKeNeEg==}

  '@vue/compiler-dom@3.4.31':
    resolution: {integrity: sha512-wK424WMXsG1IGMyDGyLqB+TbmEBFM78hIsOJ9QwUVLGrcSk0ak6zYty7Pj8ftm7nEtdU/DGQxAXp0/lM/2cEpQ==}

  '@vue/language-core@2.0.26':
    resolution: {integrity: sha512-/lt6SfQ3O1yDAhPsnLv9iSUgXd1dMHqUm/t3RctfqjuwQf1LnftZ414X3UBn6aXT4MiwXWtbNJ4Z0NZWwDWgJQ==}
    peerDependencies:
      typescript: '*'
    peerDependenciesMeta:
      typescript:
        optional: true

  '@vue/shared@3.4.31':
    resolution: {integrity: sha512-Yp3wtJk//8cO4NItOPpi3QkLExAr/aLBGZMmTtW9WpdwBCJpRM6zj9WgWktXAl8IDIozwNMByT45JP3tO3ACWA==}

  acorn-walk@8.3.3:
    resolution: {integrity: sha512-MxXdReSRhGO7VlFe1bRG/oI7/mdLV9B9JJT0N8vZOhF7gFRR5l3M8W9G8JxmKV+JC5mGqJ0QvqfSOLsCPa4nUw==}
    engines: {node: '>=0.4.0'}

  acorn@8.12.1:
    resolution: {integrity: sha512-tcpGyI9zbizT9JbV6oYE477V6mTlXvvi0T0G3SNIYE2apm/G5huBa1+K89VGeovbg+jycCrfhl3ADxErOuO6Jg==}
    engines: {node: '>=0.4.0'}
    hasBin: true

  arg@4.1.3:
    resolution: {integrity: sha512-58S9QDqG0Xx27YwPSt9fJxivjYl432YCwfDMfZ+71RAqUrZef7LrKQZ3LHLOwCS4FLNBplP533Zx895SeOCHvA==}

  aria-query@5.3.0:
    resolution: {integrity: sha512-b0P0sZPKtyu8HkeRAfCq0IfURZK+SuwMjY1UXGBU27wpAiTwQAIlq56IbIO+ytk/JjS1fMR14ee5WBBfKi5J6A==}

  axobject-query@4.0.0:
    resolution: {integrity: sha512-+60uv1hiVFhHZeO+Lz0RYzsVHy5Wr1ayX0mwda9KPDVLNJgZ1T9Ny7VmFbLDzxsH0D87I86vgj3gFrjTJUYznw==}

  balanced-match@1.0.2:
    resolution: {integrity: sha512-3oSeUO0TMV67hN1AmbXsK4yaqU7tjiHlbxRDZOpH0KW9+CeX4bRAaX0Anxt0tx2MrpRpWwQaPwIlISEJhYU5Pw==}

  base-x@4.0.0:
    resolution: {integrity: sha512-FuwxlW4H5kh37X/oW59pwTzzTKRzfrrQwhmyspRM7swOEZcHtDZSCt45U6oKgtuFE+WYPblePMVIPR4RZrh/hw==}

  bech32@2.0.0:
    resolution: {integrity: sha512-LcknSilhIGatDAsY1ak2I8VtGaHNhgMSYVxFrGLXv+xLHytaKZKcaUJJUE7qmBr7h33o5YQwP55pMI0xmkpJwg==}

  brace-expansion@2.0.1:
    resolution: {integrity: sha512-XnAIvQ8eM+kC6aULx6wuQiwVsnzsi9d3WxzV3FpWTGA19F621kwdbsAcFKXgKUHZWsy+mY6iL1sHTxWEFCytDA==}

  bs58@5.0.0:
    resolution: {integrity: sha512-r+ihvQJvahgYT50JD05dyJNKlmmSlMoOGwn1lCcEzanPglg7TxYjioQUYehQ9mAR/+hOSd2jRc/Z2y5UxBymvQ==}

  code-red@1.0.4:
    resolution: {integrity: sha512-7qJWqItLA8/VPVlKJlFXU+NBlo/qyfs39aJcuMT/2ere32ZqvF5OSxgdM5xOfJJ7O429gg2HM47y8v9P+9wrNw==}

  commander@4.1.1:
    resolution: {integrity: sha512-NOKm8xhkzAjzFx8B2v5OAHT+u5pRQc2UCa2Vq9jYL/31o2wi9mxBA7LIFs3sV5VSC49z6pEhfbMULvShKj26WA==}
    engines: {node: '>= 6'}

  computeds@0.0.1:
    resolution: {integrity: sha512-7CEBgcMjVmitjYo5q8JTJVra6X5mQ20uTThdK+0kR7UEaDrAWEQcRiBtWJzga4eRpP6afNwwLsX2SET2JhVB1Q==}

  create-require@1.1.1:
    resolution: {integrity: sha512-dcKFX3jn0MpIaXjisoRvexIJVEKzaq7z2rZKxf+MSr9TkdmHmsU4m2lcLojrj/FHl8mk5VxMmYA+ftRkP/3oKQ==}

  cross-spawn@7.0.3:
    resolution: {integrity: sha512-iRDPJKUPVEND7dHPO8rkbOnPpyDygcDFtWjpeWNCgy8WP2rXcxXL8TskReQl6OrB2G7+UJrags1q15Fudc7G6w==}
    engines: {node: '>= 8'}

  css-tree@2.3.1:
    resolution: {integrity: sha512-6Fv1DV/TYw//QF5IzQdqsNDjx/wc8TrMBZsqjL9eW01tWb7R7k/mq+/VXfJCl7SoD5emsJop9cOByJZfs8hYIw==}
    engines: {node: ^10 || ^12.20.0 || ^14.13.0 || >=15.0.0}

  de-indent@1.0.2:
    resolution: {integrity: sha512-e/1zu3xH5MQryN2zdVaF0OrdNLUbvWxzMbi+iNA6Bky7l1RoP8a2fIbRocyHclXt/arDrrR6lL3TqFD9pMQTsg==}

  dedent-js@1.0.1:
    resolution: {integrity: sha512-OUepMozQULMLUmhxS95Vudo0jb0UchLimi3+pQ2plj61Fcy8axbP9hbiD4Sz6DPqn6XG3kfmziVfQ1rSys5AJQ==}

  dequal@2.0.3:
    resolution: {integrity: sha512-0je+qPKHEMohvfRTCEo3CrPG6cAzAYgmzKyxRiYSSDkS6eGJdyVJm7WaYA5ECaAD9wLB2T4EEeymA5aFVcYXCA==}
    engines: {node: '>=6'}

  diff@4.0.2:
    resolution: {integrity: sha512-58lmxKSA4BNyLz+HHMUzlOEpg09FV+ev6ZMe3vJihgdxzgcwZ8VoEEPmALCZG9LmqfVoNMMKpttIYTVG6uDY7A==}
    engines: {node: '>=0.3.1'}

  dotenv@16.4.5:
    resolution: {integrity: sha512-ZmdL2rui+eB2YwhsWzjInR8LldtZHGDoQ1ugH85ppHKwpUHL7j7rN0Ti9NCnGiQbhaZ11FpR+7ao1dNsmduNUg==}
    engines: {node: '>=12'}

  entities@4.5.0:
    resolution: {integrity: sha512-V0hjH4dGPh9Ao5p0MoRY6BVqtwCjhz6vI5LT8AJ55H+4g9/4vbHx1I54fS0XuclLhDHArPQCiMjDxjaL8fPxhw==}
    engines: {node: '>=0.12'}

  env-cmd@10.1.0:
    resolution: {integrity: sha512-mMdWTT9XKN7yNth/6N6g2GuKuJTsKMDHlQFUDacb/heQRRWOTIZ42t1rMHnQu4jYxU1ajdTeJM+9eEETlqToMA==}
    engines: {node: '>=8.0.0'}
    hasBin: true

  estree-walker@2.0.2:
    resolution: {integrity: sha512-Rfkk/Mp/DL7JVje3u18FxFujQlTNR2q6QfMSMB7AvCBx91NGj/ba3kCfza0f6dVDbw7YlRf/nDrn7pQrCCyQ/w==}

  estree-walker@3.0.3:
    resolution: {integrity: sha512-7RUKfXgSMMkzt6ZuXmqapOurLGPPfgj6l9uRZ7lRGolvk0y2yocc35LdcxKC5PQZdn2DMqioAQ2NoWcrTKmm6g==}

  futoin-hkdf@1.5.3:
    resolution: {integrity: sha512-SewY5KdMpaoCeh7jachEWFsh1nNlaDjNHZXWqL5IGwtpEYHTgkr2+AMCgNwKWkcc0wpSYrZfR7he4WdmHFtDxQ==}
    engines: {node: '>=8'}

  gql.tada@1.8.2:
    resolution: {integrity: sha512-LLt+2RcLY6i+Rq+LQQwx3uiEAPfA+pmEaAo/bJjUdaV1CVJBy3Wowds6GHeerW5kvekRM/XdbPTJw5OvnLq/DQ==}
    hasBin: true
    peerDependencies:
      typescript: ^5.0.0

  graphql@16.9.0:
    resolution: {integrity: sha512-GGTKBX4SD7Wdb8mqeDLni2oaRGYQWjWHGKPQ24ZMnUtKfcsVoiv4uX8+LJr1K6U5VW2Lu1BwJnj7uiori0YtRw==}
    engines: {node: ^12.22.0 || ^14.16.0 || ^16.0.0 || >=17.0.0}

  he@1.2.0:
    resolution: {integrity: sha512-F/1DnUGPopORZi0ni+CvrCgHQ5FyEAHRLSApuYWMmrbSwoN2Mn/7k+Gl38gJnR7yyDZk6WLXwiGod1JOWNDKGw==}
    hasBin: true

  is-reference@3.0.2:
    resolution: {integrity: sha512-v3rht/LgVcsdZa3O2Nqs+NMowLOxeOm7Ay9+/ARQ2F+qEoANRcqrjAZKGN0v8ymUetZGgkp26LTnGT7H0Qo9Pg==}

  isexe@2.0.0:
    resolution: {integrity: sha512-RHxMLp9lnKHGHRng9QFhRCMbYAcVpn69smSGcq3f36xjgVVWThj4qqLbTLlq7Ssj8B+fIQ1EuCEGI2lKsyQeIw==}

  locate-character@3.0.0:
    resolution: {integrity: sha512-SW13ws7BjaeJ6p7Q6CO2nchbYEc3X3J6WrmTTDto7yMPqVSZTUyY5Tjbid+Ab8gLnATtygYtiDIJGQRRn2ZOiA==}

  lower-case@2.0.2:
    resolution: {integrity: sha512-7fm3l3NAF9WfN6W3JOmf5drwpVqX78JtoGJ3A6W0a6ZnldM41w2fV5D490psKFTpMds8TJse/eHLFFsNHHjHgg==}

  magic-string@0.30.10:
    resolution: {integrity: sha512-iIRwTIf0QKV3UAnYK4PU8uiEc4SRh5jX0mwpIwETPpHdhVM4f53RSwS/vXvN1JhGX+Cs7B8qIq3d6AH49O5fAQ==}

  make-error@1.3.6:
    resolution: {integrity: sha512-s8UhlNe7vPKomQhC1qFelMokr/Sc3AgNbso3n74mVPA5LTZwkB9NlXf4XPamLxJE8h0gh73rM94xvwRT2CVInw==}

  mdn-data@2.0.30:
    resolution: {integrity: sha512-GaqWWShW4kv/G9IEucWScBx9G1/vsFZZJUO+tD26M8J8z3Kw5RDQjaoZe03YAClgeS/SWPOcb4nkFBTEi5DUEA==}

  minimatch@9.0.5:
    resolution: {integrity: sha512-G6T0ZX48xgozx7587koeX9Ys2NYy6Gmv//P89sEte9V9whIapMNF4idKxnW2QtCcLiTWlb/wfCabAtAFWhhBow==}
    engines: {node: '>=16 || 14 >=14.17'}

  muggle-string@0.4.1:
    resolution: {integrity: sha512-VNTrAak/KhO2i8dqqnqnAHOa3cYBwXEZe9h+D5h/1ZqFSTEFHdM65lR7RoIqq3tBBYavsOXV84NoHXZ0AkPyqQ==}

  no-case@3.0.4:
    resolution: {integrity: sha512-fgAN3jGAh+RoxUGZHTSOLJIqUc2wmoBwGR4tbpNAKmmovFoWq0OdRkb0VkldReO2a2iBT/OEulG9XSUc10r3zg==}

  pascal-case@3.1.2:
    resolution: {integrity: sha512-uWlGT3YSnK9x3BQJaOdcZwrnV6hPpd8jFH1/ucpiLRPh/2zCVJKS19E4GvYHvaCcACn3foXZ0cLB9Wrx1KGe5g==}

  path-browserify@1.0.1:
    resolution: {integrity: sha512-b7uo2UCUOYZcnF/3ID0lulOJi/bafxa1xPe7ZPsammBSpjSWQkjNxlt635YGS2MiR9GjvuXCtz2emr3jbsz98g==}

  path-key@3.1.1:
    resolution: {integrity: sha512-ojmeN0qd+y0jszEtoY48r0Peq5dwMEkIlCOu6Q5f41lfkswXuKtYrhgoTpLnyIcHm24Uhqx+5Tqm2InSwLhE6Q==}
    engines: {node: '>=8'}

  periscopic@3.1.0:
    resolution: {integrity: sha512-vKiQ8RRtkl9P+r/+oefh25C3fhybptkHKCZSPlcXiJux2tJF55GnEj3BVn4A5gKfq9NWWXXrxkHBwVPUfH0opw==}

  shebang-command@2.0.0:
    resolution: {integrity: sha512-kHxr2zZpYtdmrN1qDjrrX/Z1rR1kG8Dx+gkpK1G4eXmvXswmcE1hTWBWYUzlraYw1/yZp6YuDY77YtvbN0dmDA==}
    engines: {node: '>=8'}

  shebang-regex@3.0.0:
    resolution: {integrity: sha512-7++dFhtcx3353uBaq8DDR4NuxBetBzC7ZQOhmTQInHEd6bSrXdiEyzCvG07Z44UYdLShWUyXt5M/yhz8ekcb1A==}
    engines: {node: '>=8'}

  source-map-js@1.2.0:
    resolution: {integrity: sha512-itJW8lvSA0TXEphiRoawsCksnlf8SyvmFzIhltqAHluXd88pkCd+cXJVHTDwdCr0IzwptSm035IHQktUu1QUMg==}
    engines: {node: '>=0.10.0'}

  svelte2tsx@0.7.13:
    resolution: {integrity: sha512-aObZ93/kGAiLXA/I/kP+x9FriZM+GboB/ReOIGmLNbVGEd2xC+aTCppm3mk1cc9I/z60VQf7b2QDxC3jOXu3yw==}
    peerDependencies:
      svelte: ^3.55 || ^4.0.0-next.0 || ^4.0 || ^5.0.0-next.0
      typescript: ^4.9.4 || ^5.0.0

  svelte@4.2.18:
    resolution: {integrity: sha512-d0FdzYIiAePqRJEb90WlJDkjUEx42xhivxN8muUBmfZnP+tzUgz12DJ2hRJi8sIHCME7jeK1PTMgKPSfTd8JrA==}
    engines: {node: '>=16'}

  to-fast-properties@2.0.0:
    resolution: {integrity: sha512-/OaKK0xYrs3DmxRYqL/yDc+FxFUVYhDlXMhRmv3z915w2HF1tnN1omB354j8VUGO/hbRzyD6Y3sA7v7GS/ceog==}
    engines: {node: '>=4'}

  ts-node@10.9.2:
    resolution: {integrity: sha512-f0FFpIdcHgn8zcPSbf1dRevwt047YMnaiJM3u2w2RewrB+fob/zePZcrOyQoLMMO7aBIddLcQIEK5dYjkLnGrQ==}
    hasBin: true
    peerDependencies:
      '@swc/core': '>=1.2.50'
      '@swc/wasm': '>=1.2.50'
      '@types/node': '*'
      typescript: '>=2.7'
    peerDependenciesMeta:
      '@swc/core':
        optional: true
      '@swc/wasm':
        optional: true

  tslib@2.6.3:
    resolution: {integrity: sha512-xNvxJEOUiWPGhUuUdQgAJPKOOJfGnIyKySOc09XkKsgdUV/3E2zvwZYdejjmRgPCgcym1juLH3226yA7sEFJKQ==}

  tweetnacl@1.0.3:
    resolution: {integrity: sha512-6rt+RN7aOi1nGMyC4Xa5DdYiukl2UWCbcJft7YhxReBGQD7OAM8Pbxw6YMo4r2diNEA8FEmu32YOn9rhaiE5yw==}

  typescript@5.5.3:
    resolution: {integrity: sha512-/hreyEujaB0w76zKo6717l3L0o/qEUtRgdvUBvlkhoWeOVMjMuHNHk0BRBzikzuGDqNmPQbg5ifMEqsHLiIUcQ==}
    engines: {node: '>=14.17'}
    hasBin: true

  undici-types@5.26.5:
    resolution: {integrity: sha512-JlCMO+ehdEIKqlFxk6IfVoAUVmgz7cU7zD/h9XZ0qzeosSHmUJVOzSQvvYSYWXkFXC+IfLKSIffhv0sVZup6pA==}

  v8-compile-cache-lib@3.0.1:
    resolution: {integrity: sha512-wa7YjyUGfNZngI/vtK0UHAN+lgDCxBPCylVXGp0zu59Fz5aiGtNXaq3DhIov063MorB+VfufLh3JlF2KdTK3xg==}

  valibot@0.25.0:
    resolution: {integrity: sha512-cmD0ca15oyAbT75iYLNW6uU6doAeIwYfOshpXka/E1Bx4frzbkrgb7gvkI7K0YK/DVOksei4FfxWfRoBP3NFTg==}

  vue-template-compiler@2.7.16:
    resolution: {integrity: sha512-AYbUWAJHLGGQM7+cNTELw+KsOG9nl2CnSv467WobS5Cv9uk3wFcnr1Etsz2sEIHEZvw1U+o9mRlEO6QbZvUPGQ==}

  which@2.0.2:
    resolution: {integrity: sha512-BLI3Tl1TW3Pvl70l3yq3Y64i+awpwXqsGBYWkkqMtnbXgrMD+yj7rhW0kuEDxzJaYXGjEW5ogapKNMEKNMjibA==}
    engines: {node: '>= 8'}
    hasBin: true

  yn@3.1.1:
    resolution: {integrity: sha512-Ux4ygGWsu2c7isFWe8Yu1YluJmqVhxqK2cLXNQA5AcC3QfbGNpM7fu0Y8b/z16pXLnFxZYvWhd3fhBY9DLmC6Q==}
    engines: {node: '>=6'}

snapshots:

  '@0no-co/graphql.web@1.0.7(graphql@16.9.0)':
    optionalDependencies:
      graphql: 16.9.0

  '@0no-co/graphqlsp@1.12.11(graphql@16.9.0)(typescript@5.5.3)':
    dependencies:
      '@gql.tada/internal': 1.0.4(graphql@16.9.0)(typescript@5.5.3)
      graphql: 16.9.0
      typescript: 5.5.3

  '@ampproject/remapping@2.3.0':
    dependencies:
      '@jridgewell/gen-mapping': 0.3.5
      '@jridgewell/trace-mapping': 0.3.25

  '@babel/helper-string-parser@7.24.8': {}

  '@babel/helper-validator-identifier@7.24.7': {}

  '@babel/parser@7.24.8':
    dependencies:
      '@babel/types': 7.24.9

  '@babel/types@7.24.9':
    dependencies:
      '@babel/helper-string-parser': 7.24.8
      '@babel/helper-validator-identifier': 7.24.7
      to-fast-properties: 2.0.0

  '@cspotcode/source-map-support@0.8.1':
    dependencies:
      '@jridgewell/trace-mapping': 0.3.9

  '@gql.tada/cli-utils@1.5.1(@0no-co/graphqlsp@1.12.11(graphql@16.9.0)(typescript@5.5.3))(graphql@16.9.0)(svelte@4.2.18)(typescript@5.5.3)':
    dependencies:
      '@0no-co/graphqlsp': 1.12.11(graphql@16.9.0)(typescript@5.5.3)
      '@gql.tada/internal': 1.0.4(graphql@16.9.0)(typescript@5.5.3)
      '@vue/compiler-dom': 3.4.31
      '@vue/language-core': 2.0.26(typescript@5.5.3)
      graphql: 16.9.0
      svelte2tsx: 0.7.13(svelte@4.2.18)(typescript@5.5.3)
      typescript: 5.5.3
    transitivePeerDependencies:
      - svelte

  '@gql.tada/internal@1.0.4(graphql@16.9.0)(typescript@5.5.3)':
    dependencies:
      '@0no-co/graphql.web': 1.0.7(graphql@16.9.0)
      graphql: 16.9.0
      typescript: 5.5.3

  '@graphql-typed-document-node/core@3.2.0(graphql@16.9.0)':
    dependencies:
      graphql: 16.9.0

  '@jridgewell/gen-mapping@0.3.5':
    dependencies:
      '@jridgewell/set-array': 1.2.1
      '@jridgewell/sourcemap-codec': 1.5.0
      '@jridgewell/trace-mapping': 0.3.25

  '@jridgewell/resolve-uri@3.1.2': {}

  '@jridgewell/set-array@1.2.1': {}

  '@jridgewell/sourcemap-codec@1.5.0': {}

  '@jridgewell/trace-mapping@0.3.25':
    dependencies:
      '@jridgewell/resolve-uri': 3.1.2
      '@jridgewell/sourcemap-codec': 1.5.0

  '@jridgewell/trace-mapping@0.3.9':
    dependencies:
      '@jridgewell/resolve-uri': 3.1.2
      '@jridgewell/sourcemap-codec': 1.5.0

  '@mysten/bcs@1.0.2':
    dependencies:
      bs58: 5.0.0

  '@mysten/sui@1.2.1(svelte@4.2.18)(typescript@5.5.3)':
    dependencies:
      '@graphql-typed-document-node/core': 3.2.0(graphql@16.9.0)
      '@mysten/bcs': 1.0.2
      '@noble/curves': 1.4.2
      '@noble/hashes': 1.4.0
      '@scure/bip32': 1.4.0
      '@scure/bip39': 1.3.0
      '@suchipi/femver': 1.0.0
      bech32: 2.0.0
      gql.tada: 1.8.2(graphql@16.9.0)(svelte@4.2.18)(typescript@5.5.3)
      graphql: 16.9.0
      tweetnacl: 1.0.3
      valibot: 0.25.0
    transitivePeerDependencies:
      - svelte
      - typescript

  '@noble/curves@1.4.2':
    dependencies:
      '@noble/hashes': 1.4.0

  '@noble/hashes@1.4.0': {}

  '@scure/base@1.1.7': {}

  '@scure/bip32@1.4.0':
    dependencies:
      '@noble/curves': 1.4.2
      '@noble/hashes': 1.4.0
      '@scure/base': 1.1.7

  '@scure/bip39@1.3.0':
    dependencies:
      '@noble/hashes': 1.4.0
      '@scure/base': 1.1.7

  '@suchipi/femver@1.0.0': {}

  '@tsconfig/node10@1.0.11': {}

  '@tsconfig/node12@1.0.11': {}

  '@tsconfig/node14@1.0.3': {}

  '@tsconfig/node16@1.0.4': {}

  '@types/estree@1.0.5': {}

  '@types/node@20.14.10':
    dependencies:
      undici-types: 5.26.5

  '@volar/language-core@2.4.0-alpha.15':
    dependencies:
      '@volar/source-map': 2.4.0-alpha.15

  '@volar/source-map@2.4.0-alpha.15': {}

  '@vue/compiler-core@3.4.31':
    dependencies:
      '@babel/parser': 7.24.8
      '@vue/shared': 3.4.31
      entities: 4.5.0
      estree-walker: 2.0.2
      source-map-js: 1.2.0

  '@vue/compiler-dom@3.4.31':
    dependencies:
      '@vue/compiler-core': 3.4.31
      '@vue/shared': 3.4.31

  '@vue/language-core@2.0.26(typescript@5.5.3)':
    dependencies:
      '@volar/language-core': 2.4.0-alpha.15
      '@vue/compiler-dom': 3.4.31
      '@vue/shared': 3.4.31
      computeds: 0.0.1
      minimatch: 9.0.5
      muggle-string: 0.4.1
      path-browserify: 1.0.1
      vue-template-compiler: 2.7.16
    optionalDependencies:
      typescript: 5.5.3

  '@vue/shared@3.4.31': {}

  acorn-walk@8.3.3:
    dependencies:
      acorn: 8.12.1

  acorn@8.12.1: {}

  arg@4.1.3: {}

  aria-query@5.3.0:
    dependencies:
      dequal: 2.0.3

  axobject-query@4.0.0:
    dependencies:
      dequal: 2.0.3

  balanced-match@1.0.2: {}

  base-x@4.0.0: {}

  bech32@2.0.0: {}

  brace-expansion@2.0.1:
    dependencies:
      balanced-match: 1.0.2

  bs58@5.0.0:
    dependencies:
      base-x: 4.0.0

  code-red@1.0.4:
    dependencies:
      '@jridgewell/sourcemap-codec': 1.5.0
      '@types/estree': 1.0.5
      acorn: 8.12.1
      estree-walker: 3.0.3
      periscopic: 3.1.0

  commander@4.1.1: {}

  computeds@0.0.1: {}

  create-require@1.1.1: {}

  cross-spawn@7.0.3:
    dependencies:
      path-key: 3.1.1
      shebang-command: 2.0.0
      which: 2.0.2

  css-tree@2.3.1:
    dependencies:
      mdn-data: 2.0.30
      source-map-js: 1.2.0

  de-indent@1.0.2: {}

  dedent-js@1.0.1: {}

  dequal@2.0.3: {}

  diff@4.0.2: {}

  dotenv@16.4.5: {}

  entities@4.5.0: {}

  env-cmd@10.1.0:
    dependencies:
      commander: 4.1.1
      cross-spawn: 7.0.3

  estree-walker@2.0.2: {}

  estree-walker@3.0.3:
    dependencies:
      '@types/estree': 1.0.5

  futoin-hkdf@1.5.3: {}

  gql.tada@1.8.2(graphql@16.9.0)(svelte@4.2.18)(typescript@5.5.3):
    dependencies:
      '@0no-co/graphql.web': 1.0.7(graphql@16.9.0)
      '@0no-co/graphqlsp': 1.12.11(graphql@16.9.0)(typescript@5.5.3)
      '@gql.tada/cli-utils': 1.5.1(@0no-co/graphqlsp@1.12.11(graphql@16.9.0)(typescript@5.5.3))(graphql@16.9.0)(svelte@4.2.18)(typescript@5.5.3)
      '@gql.tada/internal': 1.0.4(graphql@16.9.0)(typescript@5.5.3)
      typescript: 5.5.3
    transitivePeerDependencies:
      - graphql
      - svelte

  graphql@16.9.0: {}

  he@1.2.0: {}

  is-reference@3.0.2:
    dependencies:
      '@types/estree': 1.0.5

  isexe@2.0.0: {}

  locate-character@3.0.0: {}

  lower-case@2.0.2:
    dependencies:
      tslib: 2.6.3

  magic-string@0.30.10:
    dependencies:
      '@jridgewell/sourcemap-codec': 1.5.0

  make-error@1.3.6: {}

  mdn-data@2.0.30: {}

  minimatch@9.0.5:
    dependencies:
      brace-expansion: 2.0.1

  muggle-string@0.4.1: {}

  no-case@3.0.4:
    dependencies:
      lower-case: 2.0.2
      tslib: 2.6.3

  pascal-case@3.1.2:
    dependencies:
      no-case: 3.0.4
      tslib: 2.6.3

  path-browserify@1.0.1: {}

  path-key@3.1.1: {}

  periscopic@3.1.0:
    dependencies:
      '@types/estree': 1.0.5
      estree-walker: 3.0.3
      is-reference: 3.0.2

  shebang-command@2.0.0:
    dependencies:
      shebang-regex: 3.0.0

  shebang-regex@3.0.0: {}

  source-map-js@1.2.0: {}

  svelte2tsx@0.7.13(svelte@4.2.18)(typescript@5.5.3):
    dependencies:
      dedent-js: 1.0.1
      pascal-case: 3.1.2
      svelte: 4.2.18
      typescript: 5.5.3

  svelte@4.2.18:
    dependencies:
      '@ampproject/remapping': 2.3.0
      '@jridgewell/sourcemap-codec': 1.5.0
      '@jridgewell/trace-mapping': 0.3.25
      '@types/estree': 1.0.5
      acorn: 8.12.1
      aria-query: 5.3.0
      axobject-query: 4.0.0
      code-red: 1.0.4
      css-tree: 2.3.1
      estree-walker: 3.0.3
      is-reference: 3.0.2
      locate-character: 3.0.0
      magic-string: 0.30.10
      periscopic: 3.1.0

  to-fast-properties@2.0.0: {}

  ts-node@10.9.2(@types/node@20.14.10)(typescript@5.5.3):
    dependencies:
      '@cspotcode/source-map-support': 0.8.1
      '@tsconfig/node10': 1.0.11
      '@tsconfig/node12': 1.0.11
      '@tsconfig/node14': 1.0.3
      '@tsconfig/node16': 1.0.4
      '@types/node': 20.14.10
      acorn: 8.12.1
      acorn-walk: 8.3.3
      arg: 4.1.3
      create-require: 1.1.1
      diff: 4.0.2
      make-error: 1.3.6
      typescript: 5.5.3
      v8-compile-cache-lib: 3.0.1
      yn: 3.1.1

  tslib@2.6.3: {}

  tweetnacl@1.0.3: {}

  typescript@5.5.3: {}

  undici-types@5.26.5: {}

  v8-compile-cache-lib@3.0.1: {}

  valibot@0.25.0: {}

  vue-template-compiler@2.7.16:
    dependencies:
      de-indent: 1.0.2
      he: 1.2.0

  which@2.0.2:
    dependencies:
      isexe: 2.0.0

  yn@3.1.1: {}
